
Microsoft Visual Studio Solution File, Format Version 12.00
# Visual Studio Version 17
VisualStudioVersion = 17.0.31903.59
MinimumVisualStudioVersion = 10.0.40219.1
Project("{2150E333-8FDC-42A3-9474-1A3956D46DE8}") = "src", "src", "{827E0CD3-B72D-47B6-A68D-7590B98EB39B}"
EndProject
Project("{2150E333-8FDC-42A3-9474-1A3956D46DE8}") = "BuildingBlocks", "BuildingBlocks", "{B5A4A5C8-3E99-4A76-8C04-54D33A35B4C1}"
EndProject
Project("{2150E333-8FDC-42A3-9474-1A3956D46DE8}") = "Modules", "Modules", "{D7B9E4A2-1F6D-4C7B-9B4E-8A6D5F2C1E30}"
EndProject
Project("{2150E333-8FDC-42A3-9474-1A3956D46DE8}") = "Host", "Host", "{E8C6F3B1-2D7A-4B95-9E41-6A0D8F2C7B53}"
EndProject
Project("{FAE04EC0-301F-11D3-BF4B-00C04F79EFBC}") = "BackendVsaOwin.Host", "src\Host\BackendVsaOwin.Host\BackendVsaOwin.Host.csproj", "{3EB54162-7954-4EBC-94E9-C92C96199847}"
EndProject
Project("{FAE04EC0-301F-11D3-BF4B-00C04F79EFBC}") = "BackendVsaOwin.Modules.Orders", "src\Modules\BackendVsaOwin.Modules.Orders\BackendVsaOwin.Modules.Orders.csproj", "{25051186-02C3-4274-A983-F5506524EA49}"
EndProject
Project("{2150E333-8FDC-42A3-9474-1A3956D46DE8}") = "tests", "tests", "{0AB3BF05-4346-4AA6-1389-037BE0695223}"
EndProject
Project("{FAE04EC0-301F-11D3-BF4B-00C04F79EFBC}") = "BackendVsaOwin.Modules.Orders.Tests", "tests\BackendVsaOwin.Modules.Orders.Tests\BackendVsaOwin.Modules.Orders.Tests.csproj", "{4EDC2A38-1FB4-41B7-A255-3EA07977C89D}"
EndProject
Project("{FAE04EC0-301F-11D3-BF4B-00C04F79EFBC}") = "BackendVsaOwin.Host.IntegrationTests", "tests\BackendVsaOwin.Host.IntegrationTests\BackendVsaOwin.Host.IntegrationTests.csproj", "{BDBB3CB5-60B8-41D6-91F8-FEFA3145CCA3}"
EndProject
Project("{FAE04EC0-301F-11D3-BF4B-00C04F79EFBC}") = "BackendVsaOwin.Modules.Customers.Contracts", "src\Modules\BackendVsaOwin.Modules.Customers.Contracts\BackendVsaOwin.Modules.Customers.Contracts.csproj", "{27364DB0-DE35-46B1-96AB-0A4D336C2604}"
EndProject
Project("{FAE04EC0-301F-11D3-BF4B-00C04F79EFBC}") = "BackendVsaOwin.Modules.Customers", "src\Modules\BackendVsaOwin.Modules.Customers\BackendVsaOwin.Modules.Customers.csproj", "{5FD3BEBE-ACFE-44BC-BD7E-C2F409BBC25C}"
EndProject
Project("{FAE04EC0-301F-11D3-BF4B-00C04F79EFBC}") = "BackendVsaOwin.Modules.Customers.Tests", "tests\BackendVsaOwin.Modules.Customers.Tests\BackendVsaOwin.Modules.Customers.Tests.csproj", "{3DA51601-D188-483C-B83F-951228DB2403}"
EndProject
Project("{FAE04EC0-301F-11D3-BF4B-00C04F79EFBC}") = "BackendVsaOwin.BuildingBlocks.WebApi", "src\BuildingBlocks\BackendVsaOwin.BuildingBlocks.WebApi\BackendVsaOwin.BuildingBlocks.WebApi.csproj", "{A751E041-8FC9-41FE-9154-C3F4B781C0D2}"
EndProject
Project("{FAE04EC0-301F-11D3-BF4B-00C04F79EFBC}") = "BackendVsaOwin.BuildingBlocks.Persistence", "src\BuildingBlocks\BackendVsaOwin.BuildingBlocks.Persistence\BackendVsaOwin.BuildingBlocks.Persistence.csproj", "{C4F6C9B7-7E75-4F14-8A74-0FEC1C12F6A2}"
EndProject
Global
	GlobalSection(SolutionConfigurationPlatforms) = preSolution
		Debug|Any CPU = Debug|Any CPU
		Debug|x64 = Debug|x64
		Debug|x86 = Debug|x86
		Release|Any CPU = Release|Any CPU
		Release|x64 = Release|x64
		Release|x86 = Release|x86
	EndGlobalSection
	GlobalSection(ProjectConfigurationPlatforms) = postSolution
		{3EB54162-7954-4EBC-94E9-C92C96199847}.Debug|Any CPU.ActiveCfg = Debug|Any CPU
		{3EB54162-7954-4EBC-94E9-C92C96199847}.Debug|Any CPU.Build.0 = Debug|Any CPU
		{3EB54162-7954-4EBC-94E9-C92C96199847}.Debug|x64.ActiveCfg = Debug|Any CPU
		{3EB54162-7954-4EBC-94E9-C92C96199847}.Debug|x64.Build.0 = Debug|Any CPU
		{3EB54162-7954-4EBC-94E9-C92C96199847}.Debug|x86.ActiveCfg = Debug|Any CPU
		{3EB54162-7954-4EBC-94E9-C92C96199847}.Debug|x86.Build.0 = Debug|Any CPU
		{3EB54162-7954-4EBC-94E9-C92C96199847}.Release|Any CPU.ActiveCfg = Release|Any CPU
		{3EB54162-7954-4EBC-94E9-C92C96199847}.Release|Any CPU.Build.0 = Release|Any CPU
		{3EB54162-7954-4EBC-94E9-C92C96199847}.Release|x64.ActiveCfg = Release|Any CPU
		{3EB54162-7954-4EBC-94E9-C92C96199847}.Release|x64.Build.0 = Release|Any CPU
		{3EB54162-7954-4EBC-94E9-C92C96199847}.Release|x86.ActiveCfg = Release|Any CPU
		{3EB54162-7954-4EBC-94E9-C92C96199847}.Release|x86.Build.0 = Release|Any CPU
		{25051186-02C3-4274-A983-F5506524EA49}.Debug|Any CPU.ActiveCfg = Debug|Any CPU
		{25051186-02C3-4274-A983-F5506524EA49}.Debug|Any CPU.Build.0 = Debug|Any CPU
		{25051186-02C3-4274-A983-F5506524EA49}.Debug|x64.ActiveCfg = Debug|Any CPU
		{25051186-02C3-4274-A983-F5506524EA49}.Debug|x64.Build.0 = Debug|Any CPU
		{25051186-02C3-4274-A983-F5506524EA49}.Debug|x86.ActiveCfg = Debug|Any CPU
		{25051186-02C3-4274-A983-F5506524EA49}.Debug|x86.Build.0 = Debug|Any CPU
		{25051186-02C3-4274-A983-F5506524EA49}.Release|Any CPU.ActiveCfg = Release|Any CPU
		{25051186-02C3-4274-A983-F5506524EA49}.Release|Any CPU.Build.0 = Release|Any CPU
		{25051186-02C3-4274-A983-F5506524EA49}.Release|x64.ActiveCfg = Release|Any CPU
		{25051186-02C3-4274-A983-F5506524EA49}.Release|x64.Build.0 = Release|Any CPU
		{25051186-02C3-4274-A983-F5506524EA49}.Release|x86.ActiveCfg = Release|Any CPU
		{25051186-02C3-4274-A983-F5506524EA49}.Release|x86.Build.0 = Release|Any CPU
		{4EDC2A38-1FB4-41B7-A255-3EA07977C89D}.Debug|Any CPU.ActiveCfg = Debug|Any CPU
		{4EDC2A38-1FB4-41B7-A255-3EA07977C89D}.Debug|Any CPU.Build.0 = Debug|Any CPU
		{4EDC2A38-1FB4-41B7-A255-3EA07977C89D}.Debug|x64.ActiveCfg = Debug|Any CPU
		{4EDC2A38-1FB4-41B7-A255-3EA07977C89D}.Debug|x64.Build.0 = Debug|Any CPU
		{4EDC2A38-1FB4-41B7-A255-3EA07977C89D}.Debug|x86.ActiveCfg = Debug|Any CPU
		{4EDC2A38-1FB4-41B7-A255-3EA07977C89D}.Debug|x86.Build.0 = Debug|Any CPU
		{4EDC2A38-1FB4-41B7-A255-3EA07977C89D}.Release|Any CPU.ActiveCfg = Release|Any CPU
		{4EDC2A38-1FB4-41B7-A255-3EA07977C89D}.Release|Any CPU.Build.0 = Release|Any CPU
		{4EDC2A38-1FB4-41B7-A255-3EA07977C89D}.Release|x64.ActiveCfg = Release|Any CPU
		{4EDC2A38-1FB4-41B7-A255-3EA07977C89D}.Release|x64.Build.0 = Release|Any CPU
		{4EDC2A38-1FB4-41B7-A255-3EA07977C89D}.Release|x86.ActiveCfg = Release|Any CPU
		{4EDC2A38-1FB4-41B7-A255-3EA07977C89D}.Release|x86.Build.0 = Release|Any CPU
		{BDBB3CB5-60B8-41D6-91F8-FEFA3145CCA3}.Debug|Any CPU.ActiveCfg = Debug|Any CPU
		{BDBB3CB5-60B8-41D6-91F8-FEFA3145CCA3}.Debug|Any CPU.Build.0 = Debug|Any CPU
		{BDBB3CB5-60B8-41D6-91F8-FEFA3145CCA3}.Debug|x64.ActiveCfg = Debug|Any CPU
		{BDBB3CB5-60B8-41D6-91F8-FEFA3145CCA3}.Debug|x64.Build.0 = Debug|Any CPU
		{BDBB3CB5-60B8-41D6-91F8-FEFA3145CCA3}.Debug|x86.ActiveCfg = Debug|Any CPU
		{BDBB3CB5-60B8-41D6-91F8-FEFA3145CCA3}.Debug|x86.Build.0 = Debug|Any CPU
		{BDBB3CB5-60B8-41D6-91F8-FEFA3145CCA3}.Release|Any CPU.ActiveCfg = Release|Any CPU
		{BDBB3CB5-60B8-41D6-91F8-FEFA3145CCA3}.Release|Any CPU.Build.0 = Release|Any CPU
		{BDBB3CB5-60B8-41D6-91F8-FEFA3145CCA3}.Release|x64.ActiveCfg = Release|Any CPU
		{BDBB3CB5-60B8-41D6-91F8-FEFA3145CCA3}.Release|x64.Build.0 = Release|Any CPU
		{BDBB3CB5-60B8-41D6-91F8-FEFA3145CCA3}.Release|x86.ActiveCfg = Release|Any CPU
		{BDBB3CB5-60B8-41D6-91F8-FEFA3145CCA3}.Release|x86.Build.0 = Release|Any CPU
		{27364DB0-DE35-46B1-96AB-0A4D336C2604}.Debug|Any CPU.ActiveCfg = Debug|Any CPU
		{27364DB0-DE35-46B1-96AB-0A4D336C2604}.Debug|Any CPU.Build.0 = Debug|Any CPU
		{27364DB0-DE35-46B1-96AB-0A4D336C2604}.Debug|x64.ActiveCfg = Debug|Any CPU
		{27364DB0-DE35-46B1-96AB-0A4D336C2604}.Debug|x64.Build.0 = Debug|Any CPU
		{27364DB0-DE35-46B1-96AB-0A4D336C2604}.Debug|x86.ActiveCfg = Debug|Any CPU
		{27364DB0-DE35-46B1-96AB-0A4D336C2604}.Debug|x86.Build.0 = Debug|Any CPU
		{27364DB0-DE35-46B1-96AB-0A4D336C2604}.Release|Any CPU.ActiveCfg = Release|Any CPU
		{27364DB0-DE35-46B1-96AB-0A4D336C2604}.Release|Any CPU.Build.0 = Release|Any CPU
		{27364DB0-DE35-46B1-96AB-0A4D336C2604}.Release|x64.ActiveCfg = Release|Any CPU
		{27364DB0-DE35-46B1-96AB-0A4D336C2604}.Release|x64.Build.0 = Release|Any CPU
		{27364DB0-DE35-46B1-96AB-0A4D336C2604}.Release|x86.ActiveCfg = Release|Any CPU
		{27364DB0-DE35-46B1-96AB-0A4D336C2604}.Release|x86.Build.0 = Release|Any CPU
		{5FD3BEBE-ACFE-44BC-BD7E-C2F409BBC25C}.Debug|Any CPU.ActiveCfg = Debug|Any CPU
		{5FD3BEBE-ACFE-44BC-BD7E-C2F409BBC25C}.Debug|Any CPU.Build.0 = Debug|Any CPU
		{5FD3BEBE-ACFE-44BC-BD7E-C2F409BBC25C}.Debug|x64.ActiveCfg = Debug|Any CPU
		{5FD3BEBE-ACFE-44BC-BD7E-C2F409BBC25C}.Debug|x64.Build.0 = Debug|Any CPU
		{5FD3BEBE-ACFE-44BC-BD7E-C2F409BBC25C}.Debug|x86.ActiveCfg = Debug|Any CPU
		{5FD3BEBE-ACFE-44BC-BD7E-C2F409BBC25C}.Debug|x86.Build.0 = Debug|Any CPU
		{5FD3BEBE-ACFE-44BC-BD7E-C2F409BBC25C}.Release|Any CPU.ActiveCfg = Release|Any CPU
		{5FD3BEBE-ACFE-44BC-BD7E-C2F409BBC25C}.Release|Any CPU.Build.0 = Release|Any CPU
		{5FD3BEBE-ACFE-44BC-BD7E-C2F409BBC25C}.Release|x64.ActiveCfg = Release|Any CPU
		{5FD3BEBE-ACFE-44BC-BD7E-C2F409BBC25C}.Release|x64.Build.0 = Release|Any CPU
		{5FD3BEBE-ACFE-44BC-BD7E-C2F409BBC25C}.Release|x86.ActiveCfg = Release|Any CPU
		{5FD3BEBE-ACFE-44BC-BD7E-C2F409BBC25C}.Release|x86.Build.0 = Release|Any CPU
		{3DA51601-D188-483C-B83F-951228DB2403}.Debug|Any CPU.ActiveCfg = Debug|Any CPU
		{3DA51601-D188-483C-B83F-951228DB2403}.Debug|Any CPU.Build.0 = Debug|Any CPU
		{3DA51601-D188-483C-B83F-951228DB2403}.Debug|x64.ActiveCfg = Debug|Any CPU
		{3DA51601-D188-483C-B83F-951228DB2403}.Debug|x64.Build.0 = Debug|Any CPU
		{3DA51601-D188-483C-B83F-951228DB2403}.Debug|x86.ActiveCfg = Debug|Any CPU
		{3DA51601-D188-483C-B83F-951228DB2403}.Debug|x86.Build.0 = Debug|Any CPU
		{3DA51601-D188-483C-B83F-951228DB2403}.Release|Any CPU.ActiveCfg = Release|Any CPU
		{3DA51601-D188-483C-B83F-951228DB2403}.Release|Any CPU.Build.0 = Release|Any CPU
		{3DA51601-D188-483C-B83F-951228DB2403}.Release|x64.ActiveCfg = Release|Any CPU
		{3DA51601-D188-483C-B83F-951228DB2403}.Release|x64.Build.0 = Release|Any CPU
		{3DA51601-D188-483C-B83F-951228DB2403}.Release|x86.ActiveCfg = Release|Any CPU
		{3DA51601-D188-483C-B83F-951228DB2403}.Release|x86.Build.0 = Release|Any CPU
		{A751E041-8FC9-41FE-9154-C3F4B781C0D2}.Debug|Any CPU.ActiveCfg = Debug|Any CPU
		{A751E041-8FC9-41FE-9154-C3F4B781C0D2}.Debug|Any CPU.Build.0 = Debug|Any CPU
		{A751E041-8FC9-41FE-9154-C3F4B781C0D2}.Debug|x64.ActiveCfg = Debug|Any CPU
		{A751E041-8FC9-41FE-9154-C3F4B781C0D2}.Debug|x64.Build.0 = Debug|Any CPU
		{A751E041-8FC9-41FE-9154-C3F4B781C0D2}.Debug|x86.ActiveCfg = Debug|Any CPU
		{A751E041-8FC9-41FE-9154-C3F4B781C0D2}.Debug|x86.Build.0 = Debug|Any CPU
		{A751E041-8FC9-41FE-9154-C3F4B781C0D2}.Release|Any CPU.ActiveCfg = Release|Any CPU
		{A751E041-8FC9-41FE-9154-C3F4B781C0D2}.Release|Any CPU.Build.0 = Release|Any CPU
		{A751E041-8FC9-41FE-9154-C3F4B781C0D2}.Release|x64.ActiveCfg = Release|Any CPU
		{A751E041-8FC9-41FE-9154-C3F4B781C0D2}.Release|x64.Build.0 = Release|Any CPU
		{A751E041-8FC9-41FE-9154-C3F4B781C0D2}.Release|x86.ActiveCfg = Release|Any CPU
		{A751E041-8FC9-41FE-9154-C3F4B781C0D2}.Release|x86.Build.0 = Release|Any CPU
		{C4F6C9B7-7E75-4F14-8A74-0FEC1C12F6A2}.Debug|Any CPU.ActiveCfg = Debug|Any CPU
		{C4F6C9B7-7E75-4F14-8A74-0FEC1C12F6A2}.Debug|Any CPU.Build.0 = Debug|Any CPU
		{C4F6C9B7-7E75-4F14-8A74-0FEC1C12F6A2}.Debug|x64.ActiveCfg = Debug|Any CPU
		{C4F6C9B7-7E75-4F14-8A74-0FEC1C12F6A2}.Debug|x64.Build.0 = Debug|Any CPU
		{C4F6C9B7-7E75-4F14-8A74-0FEC1C12F6A2}.Debug|x86.ActiveCfg = Debug|Any CPU
		{C4F6C9B7-7E75-4F14-8A74-0FEC1C12F6A2}.Debug|x86.Build.0 = Debug|Any CPU
		{C4F6C9B7-7E75-4F14-8A74-0FEC1C12F6A2}.Release|Any CPU.ActiveCfg = Release|Any CPU
		{C4F6C9B7-7E75-4F14-8A74-0FEC1C12F6A2}.Release|Any CPU.Build.0 = Release|Any CPU
		{C4F6C9B7-7E75-4F14-8A74-0FEC1C12F6A2}.Release|x64.ActiveCfg = Release|Any CPU
		{C4F6C9B7-7E75-4F14-8A74-0FEC1C12F6A2}.Release|x64.Build.0 = Release|Any CPU
		{C4F6C9B7-7E75-4F14-8A74-0FEC1C12F6A2}.Release|x86.ActiveCfg = Release|Any CPU
		{C4F6C9B7-7E75-4F14-8A74-0FEC1C12F6A2}.Release|x86.Build.0 = Release|Any CPU
	EndGlobalSection
	GlobalSection(SolutionProperties) = preSolution
		HideSolutionNode = FALSE
	EndGlobalSection
	GlobalSection(NestedProjects) = preSolution
		{3EB54162-7954-4EBC-94E9-C92C96199847} = {E8C6F3B1-2D7A-4B95-9E41-6A0D8F2C7B53}
		{25051186-02C3-4274-A983-F5506524EA49} = {D7B9E4A2-1F6D-4C7B-9B4E-8A6D5F2C1E30}
		{4EDC2A38-1FB4-41B7-A255-3EA07977C89D} = {0AB3BF05-4346-4AA6-1389-037BE0695223}
		{BDBB3CB5-60B8-41D6-91F8-FEFA3145CCA3} = {0AB3BF05-4346-4AA6-1389-037BE0695223}
		{27364DB0-DE35-46B1-96AB-0A4D336C2604} = {D7B9E4A2-1F6D-4C7B-9B4E-8A6D5F2C1E30}
		{5FD3BEBE-ACFE-44BC-BD7E-C2F409BBC25C} = {D7B9E4A2-1F6D-4C7B-9B4E-8A6D5F2C1E30}
		{3DA51601-D188-483C-B83F-951228DB2403} = {0AB3BF05-4346-4AA6-1389-037BE0695223}
		{B5A4A5C8-3E99-4A76-8C04-54D33A35B4C1} = {827E0CD3-B72D-47B6-A68D-7590B98EB39B}
		{D7B9E4A2-1F6D-4C7B-9B4E-8A6D5F2C1E30} = {827E0CD3-B72D-47B6-A68D-7590B98EB39B}
		{E8C6F3B1-2D7A-4B95-9E41-6A0D8F2C7B53} = {827E0CD3-B72D-47B6-A68D-7590B98EB39B}
		{A751E041-8FC9-41FE-9154-C3F4B781C0D2} = {B5A4A5C8-3E99-4A76-8C04-54D33A35B4C1}
		{C4F6C9B7-7E75-4F14-8A74-0FEC1C12F6A2} = {B5A4A5C8-3E99-4A76-8C04-54D33A35B4C1}
	EndGlobalSection
EndGlobal
